
Microsoft Visual Studio Solution File, Format Version 12.00
# Visual Studio Version 17
Project("{8BC9CEB8-8B4A-11D0-8D11-00A0C91BC942}") = "ALL_BUILD", "ALL_BUILD.vcxproj", "{499CDE71-1BC7-31C4-B05A-97B0C35F445A}"
	ProjectSection(ProjectDependencies) = postProject
		{CA7D5D8A-75B2-358B-AF61-A4245A2BDC37} = {CA7D5D8A-75B2-358B-AF61-A4245A2BDC37}
		{665E514E-F22B-360A-8B34-CAEAD766D970} = {665E514E-F22B-360A-8B34-CAEAD766D970}
		{694FA146-E7B6-3A64-9FC7-376D95DA909D} = {694FA146-E7B6-3A64-9FC7-376D95DA909D}
		{86B64EEF-1385-3257-9597-E45FE60503D2} = {86B64EEF-1385-3257-9597-E45FE60503D2}
		{7D4656D4-3100-3578-A28D-2CEC1D770871} = {7D4656D4-3100-3578-A28D-2CEC1D770871}
		{442ACAA9-F48A-3BBD-BD36-B9E67F32B332} = {442ACAA9-F48A-3BBD-BD36-B9E67F32B332}
		{13C3BDBD-6EB3-3367-8D85-6B9578971B40} = {13C3BDBD-6EB3-3367-8D85-6B9578971B40}
		{455171C0-D698-3D96-AB3C-FF6E11D0EF0B} = {455171C0-D698-3D96-AB3C-FF6E11D0EF0B}
		{6CBB9122-D3F1-3FAA-943E-6ABDAFFD4BB7} = {6CBB9122-D3F1-3FAA-943E-6ABDAFFD4BB7}
		{77628968-5E85-3B27-9C2F-C0C10C1EE5B7} = {77628968-5E85-3B27-9C2F-C0C10C1EE5B7}
		{52BA0E52-75A9-3C88-95DE-9D3C81EF3FDB} = {52BA0E52-75A9-3C88-95DE-9D3C81EF3FDB}
		{D6A1D5A2-2C2A-3CB7-B316-80E1E94E4C98} = {D6A1D5A2-2C2A-3CB7-B316-80E1E94E4C98}
		{FA779D01-4E7B-3BEC-9336-878505FFC1D1} = {FA779D01-4E7B-3BEC-9336-878505FFC1D1}
		{1C408322-A87F-3AFC-B528-F0E12DFB974E} = {1C408322-A87F-3AFC-B528-F0E12DFB974E}
		{61805979-CFC1-3118-B235-FBFB27C7856A} = {61805979-CFC1-3118-B235-FBFB27C7856A}
		{86EDC28A-E255-35FD-B6E6-56BA62D145AF} = {86EDC28A-E255-35FD-B6E6-56BA62D145AF}
		{5DBFCC78-BFFA-3009-A0B0-5A09CF447088} = {5DBFCC78-BFFA-3009-A0B0-5A09CF447088}
		{AD1AB80A-6CAF-3165-AB4E-F67543250BA6} = {AD1AB80A-6CAF-3165-AB4E-F67543250BA6}
		{36E55269-9BD0-3FF4-87B6-B10C3E96C84E} = {36E55269-9BD0-3FF4-87B6-B10C3E96C84E}
		{26955326-9AED-3D1E-8823-98D72E4C853B} = {26955326-9AED-3D1E-8823-98D72E4C853B}
		{82A6C4CE-E486-3D7F-9BD4-707BE57993B0} = {82A6C4CE-E486-3D7F-9BD4-707BE57993B0}
		{0A37A658-138C-39AF-8EEB-DB38C61BC156} = {0A37A658-138C-39AF-8EEB-DB38C61BC156}
		{2D21755A-9DED-3B64-BEB5-5E8F50DAD42B} = {2D21755A-9DED-3B64-BEB5-5E8F50DAD42B}
	EndProjectSection
EndProject
Project("{8BC9CEB8-8B4A-11D0-8D11-00A0C91BC942}") = "Detour", "dep\recastnavigation\Detour\Detour.vcxproj", "{CA7D5D8A-75B2-358B-AF61-A4245A2BDC37}"
	ProjectSection(ProjectDependencies) = postProject
		{694FA146-E7B6-3A64-9FC7-376D95DA909D} = {694FA146-E7B6-3A64-9FC7-376D95DA909D}
		{2D21755A-9DED-3B64-BEB5-5E8F50DAD42B} = {2D21755A-9DED-3B64-BEB5-5E8F50DAD42B}
	EndProjectSection
EndProject
Project("{8BC9CEB8-8B4A-11D0-8D11-00A0C91BC942}") = "INSTALL", "INSTALL.vcxproj", "{3926C1ED-8514-37C5-A1F3-256B1CCC689F}"
	ProjectSection(ProjectDependencies) = postProject
		{499CDE71-1BC7-31C4-B05A-97B0C35F445A} = {499CDE71-1BC7-31C4-B05A-97B0C35F445A}
		{694FA146-E7B6-3A64-9FC7-376D95DA909D} = {694FA146-E7B6-3A64-9FC7-376D95DA909D}
	EndProjectSection
EndProject
Project("{8BC9CEB8-8B4A-11D0-8D11-00A0C91BC942}") = "Recast", "dep\recastnavigation\Recast\Recast.vcxproj", "{665E514E-F22B-360A-8B34-CAEAD766D970}"
	ProjectSection(ProjectDependencies) = postProject
		{694FA146-E7B6-3A64-9FC7-376D95DA909D} = {694FA146-E7B6-3A64-9FC7-376D95DA909D}
		{2D21755A-9DED-3B64-BEB5-5E8F50DAD42B} = {2D21755A-9DED-3B64-BEB5-5E8F50DAD42B}
	EndProjectSection
EndProject
Project("{8BC9CEB8-8B4A-11D0-8D11-00A0C91BC942}") = "ZERO_CHECK", "ZERO_CHECK.vcxproj", "{694FA146-E7B6-3A64-9FC7-376D95DA909D}"
	ProjectSection(ProjectDependencies) = postProject
	EndProjectSection
EndProject
Project("{8BC9CEB8-8B4A-11D0-8D11-00A0C91BC942}") = "argon2", "dep\argon2\argon2.vcxproj", "{86B64EEF-1385-3257-9597-E45FE60503D2}"
	ProjectSection(ProjectDependencies) = postProject
		{694FA146-E7B6-3A64-9FC7-376D95DA909D} = {694FA146-E7B6-3A64-9FC7-376D95DA909D}
	EndProjectSection
EndProject
Project("{8BC9CEB8-8B4A-11D0-8D11-00A0C91BC942}") = "authserver", "src\server\authserver\authserver.vcxproj", "{7D4656D4-3100-3578-A28D-2CEC1D770871}"
	ProjectSection(ProjectDependencies) = postProject
		{CA7D5D8A-75B2-358B-AF61-A4245A2BDC37} = {CA7D5D8A-75B2-358B-AF61-A4245A2BDC37}
		{694FA146-E7B6-3A64-9FC7-376D95DA909D} = {694FA146-E7B6-3A64-9FC7-376D95DA909D}
		{86B64EEF-1385-3257-9597-E45FE60503D2} = {86B64EEF-1385-3257-9597-E45FE60503D2}
		{13C3BDBD-6EB3-3367-8D85-6B9578971B40} = {13C3BDBD-6EB3-3367-8D85-6B9578971B40}
		{455171C0-D698-3D96-AB3C-FF6E11D0EF0B} = {455171C0-D698-3D96-AB3C-FF6E11D0EF0B}
		{6CBB9122-D3F1-3FAA-943E-6ABDAFFD4BB7} = {6CBB9122-D3F1-3FAA-943E-6ABDAFFD4BB7}
		{77628968-5E85-3B27-9C2F-C0C10C1EE5B7} = {77628968-5E85-3B27-9C2F-C0C10C1EE5B7}
		{AD1AB80A-6CAF-3165-AB4E-F67543250BA6} = {AD1AB80A-6CAF-3165-AB4E-F67543250BA6}
		{36E55269-9BD0-3FF4-87B6-B10C3E96C84E} = {36E55269-9BD0-3FF4-87B6-B10C3E96C84E}
		{2D21755A-9DED-3B64-BEB5-5E8F50DAD42B} = {2D21755A-9DED-3B64-BEB5-5E8F50DAD42B}
	EndProjectSection
EndProject
Project("{8BC9CEB8-8B4A-11D0-8D11-00A0C91BC942}") = "bzip2", "dep\bzip2\bzip2.vcxproj", "{442ACAA9-F48A-3BBD-BD36-B9E67F32B332}"
	ProjectSection(ProjectDependencies) = postProject
		{694FA146-E7B6-3A64-9FC7-376D95DA909D} = {694FA146-E7B6-3A64-9FC7-376D95DA909D}
	EndProjectSection
EndProject
Project("{8BC9CEB8-8B4A-11D0-8D11-00A0C91BC942}") = "common", "src\common\common.vcxproj", "{13C3BDBD-6EB3-3367-8D85-6B9578971B40}"
	ProjectSection(ProjectDependencies) = postProject
		{CA7D5D8A-75B2-358B-AF61-A4245A2BDC37} = {CA7D5D8A-75B2-358B-AF61-A4245A2BDC37}
		{694FA146-E7B6-3A64-9FC7-376D95DA909D} = {694FA146-E7B6-3A64-9FC7-376D95DA909D}
		{86B64EEF-1385-3257-9597-E45FE60503D2} = {86B64EEF-1385-3257-9597-E45FE60503D2}
		{6CBB9122-D3F1-3FAA-943E-6ABDAFFD4BB7} = {6CBB9122-D3F1-3FAA-943E-6ABDAFFD4BB7}
		{77628968-5E85-3B27-9C2F-C0C10C1EE5B7} = {77628968-5E85-3B27-9C2F-C0C10C1EE5B7}
		{86EDC28A-E255-35FD-B6E6-56BA62D145AF} = {86EDC28A-E255-35FD-B6E6-56BA62D145AF}
		{AD1AB80A-6CAF-3165-AB4E-F67543250BA6} = {AD1AB80A-6CAF-3165-AB4E-F67543250BA6}
		{2D21755A-9DED-3B64-BEB5-5E8F50DAD42B} = {2D21755A-9DED-3B64-BEB5-5E8F50DAD42B}
	EndProjectSection
EndProject
Project("{8BC9CEB8-8B4A-11D0-8D11-00A0C91BC942}") = "database", "src\server\database\database.vcxproj", "{455171C0-D698-3D96-AB3C-FF6E11D0EF0B}"
	ProjectSection(ProjectDependencies) = postProject
		{CA7D5D8A-75B2-358B-AF61-A4245A2BDC37} = {CA7D5D8A-75B2-358B-AF61-A4245A2BDC37}
		{694FA146-E7B6-3A64-9FC7-376D95DA909D} = {694FA146-E7B6-3A64-9FC7-376D95DA909D}
		{86B64EEF-1385-3257-9597-E45FE60503D2} = {86B64EEF-1385-3257-9597-E45FE60503D2}
		{13C3BDBD-6EB3-3367-8D85-6B9578971B40} = {13C3BDBD-6EB3-3367-8D85-6B9578971B40}
		{6CBB9122-D3F1-3FAA-943E-6ABDAFFD4BB7} = {6CBB9122-D3F1-3FAA-943E-6ABDAFFD4BB7}
		{77628968-5E85-3B27-9C2F-C0C10C1EE5B7} = {77628968-5E85-3B27-9C2F-C0C10C1EE5B7}
		{AD1AB80A-6CAF-3165-AB4E-F67543250BA6} = {AD1AB80A-6CAF-3165-AB4E-F67543250BA6}
		{2D21755A-9DED-3B64-BEB5-5E8F50DAD42B} = {2D21755A-9DED-3B64-BEB5-5E8F50DAD42B}
	EndProjectSection
EndProject
Project("{8BC9CEB8-8B4A-11D0-8D11-00A0C91BC942}") = "fmt", "dep\fmt\fmt.vcxproj", "{6CBB9122-D3F1-3FAA-943E-6ABDAFFD4BB7}"
	ProjectSection(ProjectDependencies) = postProject
		{694FA146-E7B6-3A64-9FC7-376D95DA909D} = {694FA146-E7B6-3A64-9FC7-376D95DA909D}
	EndProjectSection
EndProject
Project("{8BC9CEB8-8B4A-11D0-8D11-00A0C91BC942}") = "g3dlib", "dep\g3dlite\g3dlib.vcxproj", "{77628968-5E85-3B27-9C2F-C0C10C1EE5B7}"
	ProjectSection(ProjectDependencies) = postProject
		{694FA146-E7B6-3A64-9FC7-376D95DA909D} = {694FA146-E7B6-3A64-9FC7-376D95DA909D}
		{2D21755A-9DED-3B64-BEB5-5E8F50DAD42B} = {2D21755A-9DED-3B64-BEB5-5E8F50DAD42B}
	EndProjectSection
EndProject
Project("{8BC9CEB8-8B4A-11D0-8D11-00A0C91BC942}") = "game", "src\server\game\game.vcxproj", "{52BA0E52-75A9-3C88-95DE-9D3C81EF3FDB}"
	ProjectSection(ProjectDependencies) = postProject
		{CA7D5D8A-75B2-358B-AF61-A4245A2BDC37} = {CA7D5D8A-75B2-358B-AF61-A4245A2BDC37}
		{694FA146-E7B6-3A64-9FC7-376D95DA909D} = {694FA146-E7B6-3A64-9FC7-376D95DA909D}
		{86B64EEF-1385-3257-9597-E45FE60503D2} = {86B64EEF-1385-3257-9597-E45FE60503D2}
		{13C3BDBD-6EB3-3367-8D85-6B9578971B40} = {13C3BDBD-6EB3-3367-8D85-6B9578971B40}
		{455171C0-D698-3D96-AB3C-FF6E11D0EF0B} = {455171C0-D698-3D96-AB3C-FF6E11D0EF0B}
		{6CBB9122-D3F1-3FAA-943E-6ABDAFFD4BB7} = {6CBB9122-D3F1-3FAA-943E-6ABDAFFD4BB7}
		{77628968-5E85-3B27-9C2F-C0C10C1EE5B7} = {77628968-5E85-3B27-9C2F-C0C10C1EE5B7}
		{AD1AB80A-6CAF-3165-AB4E-F67543250BA6} = {AD1AB80A-6CAF-3165-AB4E-F67543250BA6}
		{36E55269-9BD0-3FF4-87B6-B10C3E96C84E} = {36E55269-9BD0-3FF4-87B6-B10C3E96C84E}
		{2D21755A-9DED-3B64-BEB5-5E8F50DAD42B} = {2D21755A-9DED-3B64-BEB5-5E8F50DAD42B}
	EndProjectSection
EndProject
Project("{8BC9CEB8-8B4A-11D0-8D11-00A0C91BC942}") = "gsoap", "dep\gsoap\gsoap.vcxproj", "{D6A1D5A2-2C2A-3CB7-B316-80E1E94E4C98}"
	ProjectSection(ProjectDependencies) = postProject
		{694FA146-E7B6-3A64-9FC7-376D95DA909D} = {694FA146-E7B6-3A64-9FC7-376D95DA909D}
	EndProjectSection
EndProject
Project("{8BC9CEB8-8B4A-11D0-8D11-00A0C91BC942}") = "mapextractor", "src\tools\map_extractor\mapextractor.vcxproj", "{FA779D01-4E7B-3BEC-9336-878505FFC1D1}"
	ProjectSection(ProjectDependencies) = postProject
		{CA7D5D8A-75B2-358B-AF61-A4245A2BDC37} = {CA7D5D8A-75B2-358B-AF61-A4245A2BDC37}
		{694FA146-E7B6-3A64-9FC7-376D95DA909D} = {694FA146-E7B6-3A64-9FC7-376D95DA909D}
		{86B64EEF-1385-3257-9597-E45FE60503D2} = {86B64EEF-1385-3257-9597-E45FE60503D2}
		{442ACAA9-F48A-3BBD-BD36-B9E67F32B332} = {442ACAA9-F48A-3BBD-BD36-B9E67F32B332}
		{13C3BDBD-6EB3-3367-8D85-6B9578971B40} = {13C3BDBD-6EB3-3367-8D85-6B9578971B40}
		{6CBB9122-D3F1-3FAA-943E-6ABDAFFD4BB7} = {6CBB9122-D3F1-3FAA-943E-6ABDAFFD4BB7}
		{77628968-5E85-3B27-9C2F-C0C10C1EE5B7} = {77628968-5E85-3B27-9C2F-C0C10C1EE5B7}
		{61805979-CFC1-3118-B235-FBFB27C7856A} = {61805979-CFC1-3118-B235-FBFB27C7856A}
		{AD1AB80A-6CAF-3165-AB4E-F67543250BA6} = {AD1AB80A-6CAF-3165-AB4E-F67543250BA6}
		{2D21755A-9DED-3B64-BEB5-5E8F50DAD42B} = {2D21755A-9DED-3B64-BEB5-5E8F50DAD42B}
	EndProjectSection
EndProject
Project("{8BC9CEB8-8B4A-11D0-8D11-00A0C91BC942}") = "mmaps_generator", "src\tools\mmaps_generator\mmaps_generator.vcxproj", "{1C408322-A87F-3AFC-B528-F0E12DFB974E}"
	ProjectSection(ProjectDependencies) = postProject
		{CA7D5D8A-75B2-358B-AF61-A4245A2BDC37} = {CA7D5D8A-75B2-358B-AF61-A4245A2BDC37}
		{665E514E-F22B-360A-8B34-CAEAD766D970} = {665E514E-F22B-360A-8B34-CAEAD766D970}
		{694FA146-E7B6-3A64-9FC7-376D95DA909D} = {694FA146-E7B6-3A64-9FC7-376D95DA909D}
		{86B64EEF-1385-3257-9597-E45FE60503D2} = {86B64EEF-1385-3257-9597-E45FE60503D2}
		{442ACAA9-F48A-3BBD-BD36-B9E67F32B332} = {442ACAA9-F48A-3BBD-BD36-B9E67F32B332}
		{13C3BDBD-6EB3-3367-8D85-6B9578971B40} = {13C3BDBD-6EB3-3367-8D85-6B9578971B40}
		{6CBB9122-D3F1-3FAA-943E-6ABDAFFD4BB7} = {6CBB9122-D3F1-3FAA-943E-6ABDAFFD4BB7}
		{77628968-5E85-3B27-9C2F-C0C10C1EE5B7} = {77628968-5E85-3B27-9C2F-C0C10C1EE5B7}
		{61805979-CFC1-3118-B235-FBFB27C7856A} = {61805979-CFC1-3118-B235-FBFB27C7856A}
		{AD1AB80A-6CAF-3165-AB4E-F67543250BA6} = {AD1AB80A-6CAF-3165-AB4E-F67543250BA6}
		{2D21755A-9DED-3B64-BEB5-5E8F50DAD42B} = {2D21755A-9DED-3B64-BEB5-5E8F50DAD42B}
	EndProjectSection
EndProject
Project("{8BC9CEB8-8B4A-11D0-8D11-00A0C91BC942}") = "mpq", "dep\libmpq\mpq.vcxproj", "{61805979-CFC1-3118-B235-FBFB27C7856A}"
	ProjectSection(ProjectDependencies) = postProject
		{694FA146-E7B6-3A64-9FC7-376D95DA909D} = {694FA146-E7B6-3A64-9FC7-376D95DA909D}
		{442ACAA9-F48A-3BBD-BD36-B9E67F32B332} = {442ACAA9-F48A-3BBD-BD36-B9E67F32B332}
		{2D21755A-9DED-3B64-BEB5-5E8F50DAD42B} = {2D21755A-9DED-3B64-BEB5-5E8F50DAD42B}
	EndProjectSection
EndProject
Project("{8BC9CEB8-8B4A-11D0-8D11-00A0C91BC942}") = "revision_data.h", "src\genrev\revision_data.h.vcxproj", "{86EDC28A-E255-35FD-B6E6-56BA62D145AF}"
	ProjectSection(ProjectDependencies) = postProject
		{694FA146-E7B6-3A64-9FC7-376D95DA909D} = {694FA146-E7B6-3A64-9FC7-376D95DA909D}
	EndProjectSection
EndProject
Project("{8BC9CEB8-8B4A-11D0-8D11-00A0C91BC942}") = "scripts", "src\server\scripts\scripts.vcxproj", "{5DBFCC78-BFFA-3009-A0B0-5A09CF447088}"
	ProjectSection(ProjectDependencies) = postProject
		{CA7D5D8A-75B2-358B-AF61-A4245A2BDC37} = {CA7D5D8A-75B2-358B-AF61-A4245A2BDC37}
		{694FA146-E7B6-3A64-9FC7-376D95DA909D} = {694FA146-E7B6-3A64-9FC7-376D95DA909D}
		{86B64EEF-1385-3257-9597-E45FE60503D2} = {86B64EEF-1385-3257-9597-E45FE60503D2}
		{13C3BDBD-6EB3-3367-8D85-6B9578971B40} = {13C3BDBD-6EB3-3367-8D85-6B9578971B40}
		{455171C0-D698-3D96-AB3C-FF6E11D0EF0B} = {455171C0-D698-3D96-AB3C-FF6E11D0EF0B}
		{6CBB9122-D3F1-3FAA-943E-6ABDAFFD4BB7} = {6CBB9122-D3F1-3FAA-943E-6ABDAFFD4BB7}
		{77628968-5E85-3B27-9C2F-C0C10C1EE5B7} = {77628968-5E85-3B27-9C2F-C0C10C1EE5B7}
		{AD1AB80A-6CAF-3165-AB4E-F67543250BA6} = {AD1AB80A-6CAF-3165-AB4E-F67543250BA6}
		{36E55269-9BD0-3FF4-87B6-B10C3E96C84E} = {36E55269-9BD0-3FF4-87B6-B10C3E96C84E}
		{2D21755A-9DED-3B64-BEB5-5E8F50DAD42B} = {2D21755A-9DED-3B64-BEB5-5E8F50DAD42B}
	EndProjectSection
EndProject
Project("{8BC9CEB8-8B4A-11D0-8D11-00A0C91BC942}") = "sfmt", "dep\SFMT\sfmt.vcxproj", "{AD1AB80A-6CAF-3165-AB4E-F67543250BA6}"
	ProjectSection(ProjectDependencies) = postProject
		{694FA146-E7B6-3A64-9FC7-376D95DA909D} = {694FA146-E7B6-3A64-9FC7-376D95DA909D}
	EndProjectSection
EndProject
Project("{8BC9CEB8-8B4A-11D0-8D11-00A0C91BC942}") = "shared", "src\server\shared\shared.vcxproj", "{36E55269-9BD0-3FF4-87B6-B10C3E96C84E}"
	ProjectSection(ProjectDependencies) = postProject
		{CA7D5D8A-75B2-358B-AF61-A4245A2BDC37} = {CA7D5D8A-75B2-358B-AF61-A4245A2BDC37}
		{694FA146-E7B6-3A64-9FC7-376D95DA909D} = {694FA146-E7B6-3A64-9FC7-376D95DA909D}
		{86B64EEF-1385-3257-9597-E45FE60503D2} = {86B64EEF-1385-3257-9597-E45FE60503D2}
		{13C3BDBD-6EB3-3367-8D85-6B9578971B40} = {13C3BDBD-6EB3-3367-8D85-6B9578971B40}
		{455171C0-D698-3D96-AB3C-FF6E11D0EF0B} = {455171C0-D698-3D96-AB3C-FF6E11D0EF0B}
		{6CBB9122-D3F1-3FAA-943E-6ABDAFFD4BB7} = {6CBB9122-D3F1-3FAA-943E-6ABDAFFD4BB7}
		{77628968-5E85-3B27-9C2F-C0C10C1EE5B7} = {77628968-5E85-3B27-9C2F-C0C10C1EE5B7}
		{AD1AB80A-6CAF-3165-AB4E-F67543250BA6} = {AD1AB80A-6CAF-3165-AB4E-F67543250BA6}
		{2D21755A-9DED-3B64-BEB5-5E8F50DAD42B} = {2D21755A-9DED-3B64-BEB5-5E8F50DAD42B}
	EndProjectSection
EndProject
Project("{8BC9CEB8-8B4A-11D0-8D11-00A0C91BC942}") = "vmap4assembler", "src\tools\vmap4_assembler\vmap4assembler.vcxproj", "{26955326-9AED-3D1E-8823-98D72E4C853B}"
	ProjectSection(ProjectDependencies) = postProject
		{CA7D5D8A-75B2-358B-AF61-A4245A2BDC37} = {CA7D5D8A-75B2-358B-AF61-A4245A2BDC37}
		{694FA146-E7B6-3A64-9FC7-376D95DA909D} = {694FA146-E7B6-3A64-9FC7-376D95DA909D}
		{86B64EEF-1385-3257-9597-E45FE60503D2} = {86B64EEF-1385-3257-9597-E45FE60503D2}
		{13C3BDBD-6EB3-3367-8D85-6B9578971B40} = {13C3BDBD-6EB3-3367-8D85-6B9578971B40}
		{6CBB9122-D3F1-3FAA-943E-6ABDAFFD4BB7} = {6CBB9122-D3F1-3FAA-943E-6ABDAFFD4BB7}
		{77628968-5E85-3B27-9C2F-C0C10C1EE5B7} = {77628968-5E85-3B27-9C2F-C0C10C1EE5B7}
		{AD1AB80A-6CAF-3165-AB4E-F67543250BA6} = {AD1AB80A-6CAF-3165-AB4E-F67543250BA6}
		{2D21755A-9DED-3B64-BEB5-5E8F50DAD42B} = {2D21755A-9DED-3B64-BEB5-5E8F50DAD42B}
	EndProjectSection
EndProject
Project("{8BC9CEB8-8B4A-11D0-8D11-00A0C91BC942}") = "vmap4extractor", "src\tools\vmap4_extractor\vmap4extractor.vcxproj", "{82A6C4CE-E486-3D7F-9BD4-707BE57993B0}"
	ProjectSection(ProjectDependencies) = postProject
		{CA7D5D8A-75B2-358B-AF61-A4245A2BDC37} = {CA7D5D8A-75B2-358B-AF61-A4245A2BDC37}
		{694FA146-E7B6-3A64-9FC7-376D95DA909D} = {694FA146-E7B6-3A64-9FC7-376D95DA909D}
		{86B64EEF-1385-3257-9597-E45FE60503D2} = {86B64EEF-1385-3257-9597-E45FE60503D2}
		{442ACAA9-F48A-3BBD-BD36-B9E67F32B332} = {442ACAA9-F48A-3BBD-BD36-B9E67F32B332}
		{13C3BDBD-6EB3-3367-8D85-6B9578971B40} = {13C3BDBD-6EB3-3367-8D85-6B9578971B40}
		{6CBB9122-D3F1-3FAA-943E-6ABDAFFD4BB7} = {6CBB9122-D3F1-3FAA-943E-6ABDAFFD4BB7}
		{77628968-5E85-3B27-9C2F-C0C10C1EE5B7} = {77628968-5E85-3B27-9C2F-C0C10C1EE5B7}
		{61805979-CFC1-3118-B235-FBFB27C7856A} = {61805979-CFC1-3118-B235-FBFB27C7856A}
		{AD1AB80A-6CAF-3165-AB4E-F67543250BA6} = {AD1AB80A-6CAF-3165-AB4E-F67543250BA6}
		{2D21755A-9DED-3B64-BEB5-5E8F50DAD42B} = {2D21755A-9DED-3B64-BEB5-5E8F50DAD42B}
	EndProjectSection
EndProject
Project("{8BC9CEB8-8B4A-11D0-8D11-00A0C91BC942}") = "worldserver", "src\server\worldserver\worldserver.vcxproj", "{0A37A658-138C-39AF-8EEB-DB38C61BC156}"
	ProjectSection(ProjectDependencies) = postProject
		{CA7D5D8A-75B2-358B-AF61-A4245A2BDC37} = {CA7D5D8A-75B2-358B-AF61-A4245A2BDC37}
		{694FA146-E7B6-3A64-9FC7-376D95DA909D} = {694FA146-E7B6-3A64-9FC7-376D95DA909D}
		{86B64EEF-1385-3257-9597-E45FE60503D2} = {86B64EEF-1385-3257-9597-E45FE60503D2}
		{13C3BDBD-6EB3-3367-8D85-6B9578971B40} = {13C3BDBD-6EB3-3367-8D85-6B9578971B40}
		{455171C0-D698-3D96-AB3C-FF6E11D0EF0B} = {455171C0-D698-3D96-AB3C-FF6E11D0EF0B}
		{6CBB9122-D3F1-3FAA-943E-6ABDAFFD4BB7} = {6CBB9122-D3F1-3FAA-943E-6ABDAFFD4BB7}
		{77628968-5E85-3B27-9C2F-C0C10C1EE5B7} = {77628968-5E85-3B27-9C2F-C0C10C1EE5B7}
		{52BA0E52-75A9-3C88-95DE-9D3C81EF3FDB} = {52BA0E52-75A9-3C88-95DE-9D3C81EF3FDB}
		{D6A1D5A2-2C2A-3CB7-B316-80E1E94E4C98} = {D6A1D5A2-2C2A-3CB7-B316-80E1E94E4C98}
		{5DBFCC78-BFFA-3009-A0B0-5A09CF447088} = {5DBFCC78-BFFA-3009-A0B0-5A09CF447088}
		{AD1AB80A-6CAF-3165-AB4E-F67543250BA6} = {AD1AB80A-6CAF-3165-AB4E-F67543250BA6}
		{36E55269-9BD0-3FF4-87B6-B10C3E96C84E} = {36E55269-9BD0-3FF4-87B6-B10C3E96C84E}
		{2D21755A-9DED-3B64-BEB5-5E8F50DAD42B} = {2D21755A-9DED-3B64-BEB5-5E8F50DAD42B}
	EndProjectSection
EndProject
Project("{8BC9CEB8-8B4A-11D0-8D11-00A0C91BC942}") = "zlib", "dep\zlib\zlib.vcxproj", "{2D21755A-9DED-3B64-BEB5-5E8F50DAD42B}"
	ProjectSection(ProjectDependencies) = postProject
		{694FA146-E7B6-3A64-9FC7-376D95DA909D} = {694FA146-E7B6-3A64-9FC7-376D95DA909D}
	EndProjectSection
EndProject
Global
	GlobalSection(SolutionConfigurationPlatforms) = preSolution
		Debug|x64 = Debug|x64
		Release|x64 = Release|x64
		MinSizeRel|x64 = MinSizeRel|x64
		RelWithDebInfo|x64 = RelWithDebInfo|x64
	EndGlobalSection
	GlobalSection(ProjectConfigurationPlatforms) = postSolution
		{499CDE71-1BC7-31C4-B05A-97B0C35F445A}.Debug|x64.ActiveCfg = Debug|x64
		{499CDE71-1BC7-31C4-B05A-97B0C35F445A}.Debug|x64.Build.0 = Debug|x64
		{499CDE71-1BC7-31C4-B05A-97B0C35F445A}.Release|x64.ActiveCfg = Release|x64
		{499CDE71-1BC7-31C4-B05A-97B0C35F445A}.Release|x64.Build.0 = Release|x64
		{499CDE71-1BC7-31C4-B05A-97B0C35F445A}.MinSizeRel|x64.ActiveCfg = MinSizeRel|x64
		{499CDE71-1BC7-31C4-B05A-97B0C35F445A}.MinSizeRel|x64.Build.0 = MinSizeRel|x64
		{499CDE71-1BC7-31C4-B05A-97B0C35F445A}.RelWithDebInfo|x64.ActiveCfg = RelWithDebInfo|x64
		{499CDE71-1BC7-31C4-B05A-97B0C35F445A}.RelWithDebInfo|x64.Build.0 = RelWithDebInfo|x64
		{CA7D5D8A-75B2-358B-AF61-A4245A2BDC37}.Debug|x64.ActiveCfg = Debug|x64
		{CA7D5D8A-75B2-358B-AF61-A4245A2BDC37}.Debug|x64.Build.0 = Debug|x64
		{CA7D5D8A-75B2-358B-AF61-A4245A2BDC37}.Release|x64.ActiveCfg = Release|x64
		{CA7D5D8A-75B2-358B-AF61-A4245A2BDC37}.Release|x64.Build.0 = Release|x64
		{CA7D5D8A-75B2-358B-AF61-A4245A2BDC37}.MinSizeRel|x64.ActiveCfg = MinSizeRel|x64
		{CA7D5D8A-75B2-358B-AF61-A4245A2BDC37}.MinSizeRel|x64.Build.0 = MinSizeRel|x64
		{CA7D5D8A-75B2-358B-AF61-A4245A2BDC37}.RelWithDebInfo|x64.ActiveCfg = RelWithDebInfo|x64
		{CA7D5D8A-75B2-358B-AF61-A4245A2BDC37}.RelWithDebInfo|x64.Build.0 = RelWithDebInfo|x64
		{3926C1ED-8514-37C5-A1F3-256B1CCC689F}.Debug|x64.ActiveCfg = Debug|x64
		{3926C1ED-8514-37C5-A1F3-256B1CCC689F}.Release|x64.ActiveCfg = Release|x64
		{3926C1ED-8514-37C5-A1F3-256B1CCC689F}.MinSizeRel|x64.ActiveCfg = MinSizeRel|x64
		{3926C1ED-8514-37C5-A1F3-256B1CCC689F}.RelWithDebInfo|x64.ActiveCfg = RelWithDebInfo|x64
		{665E514E-F22B-360A-8B34-CAEAD766D970}.Debug|x64.ActiveCfg = Debug|x64
		{665E514E-F22B-360A-8B34-CAEAD766D970}.Debug|x64.Build.0 = Debug|x64
		{665E514E-F22B-360A-8B34-CAEAD766D970}.Release|x64.ActiveCfg = Release|x64
		{665E514E-F22B-360A-8B34-CAEAD766D970}.Release|x64.Build.0 = Release|x64
		{665E514E-F22B-360A-8B34-CAEAD766D970}.MinSizeRel|x64.ActiveCfg = MinSizeRel|x64
		{665E514E-F22B-360A-8B34-CAEAD766D970}.MinSizeRel|x64.Build.0 = MinSizeRel|x64
		{665E514E-F22B-360A-8B34-CAEAD766D970}.RelWithDebInfo|x64.ActiveCfg = RelWithDebInfo|x64
		{665E514E-F22B-360A-8B34-CAEAD766D970}.RelWithDebInfo|x64.Build.0 = RelWithDebInfo|x64
		{694FA146-E7B6-3A64-9FC7-376D95DA909D}.Debug|x64.ActiveCfg = Debug|x64
		{694FA146-E7B6-3A64-9FC7-376D95DA909D}.Debug|x64.Build.0 = Debug|x64
		{694FA146-E7B6-3A64-9FC7-376D95DA909D}.Release|x64.ActiveCfg = Release|x64
		{694FA146-E7B6-3A64-9FC7-376D95DA909D}.Release|x64.Build.0 = Release|x64
		{694FA146-E7B6-3A64-9FC7-376D95DA909D}.MinSizeRel|x64.ActiveCfg = MinSizeRel|x64
		{694FA146-E7B6-3A64-9FC7-376D95DA909D}.MinSizeRel|x64.Build.0 = MinSizeRel|x64
		{694FA146-E7B6-3A64-9FC7-376D95DA909D}.RelWithDebInfo|x64.ActiveCfg = RelWithDebInfo|x64
		{694FA146-E7B6-3A64-9FC7-376D95DA909D}.RelWithDebInfo|x64.Build.0 = RelWithDebInfo|x64
		{86B64EEF-1385-3257-9597-E45FE60503D2}.Debug|x64.ActiveCfg = Debug|x64
		{86B64EEF-1385-3257-9597-E45FE60503D2}.Debug|x64.Build.0 = Debug|x64
		{86B64EEF-1385-3257-9597-E45FE60503D2}.Release|x64.ActiveCfg = Release|x64
		{86B64EEF-1385-3257-9597-E45FE60503D2}.Release|x64.Build.0 = Release|x64
		{86B64EEF-1385-3257-9597-E45FE60503D2}.MinSizeRel|x64.ActiveCfg = MinSizeRel|x64
		{86B64EEF-1385-3257-9597-E45FE60503D2}.MinSizeRel|x64.Build.0 = MinSizeRel|x64
		{86B64EEF-1385-3257-9597-E45FE60503D2}.RelWithDebInfo|x64.ActiveCfg = RelWithDebInfo|x64
		{86B64EEF-1385-3257-9597-E45FE60503D2}.RelWithDebInfo|x64.Build.0 = RelWithDebInfo|x64
		{7D4656D4-3100-3578-A28D-2CEC1D770871}.Debug|x64.ActiveCfg = Debug|x64
		{7D4656D4-3100-3578-A28D-2CEC1D770871}.Debug|x64.Build.0 = Debug|x64
		{7D4656D4-3100-3578-A28D-2CEC1D770871}.Release|x64.ActiveCfg = Release|x64
		{7D4656D4-3100-3578-A28D-2CEC1D770871}.Release|x64.Build.0 = Release|x64
		{7D4656D4-3100-3578-A28D-2CEC1D770871}.MinSizeRel|x64.ActiveCfg = MinSizeRel|x64
		{7D4656D4-3100-3578-A28D-2CEC1D770871}.MinSizeRel|x64.Build.0 = MinSizeRel|x64
		{7D4656D4-3100-3578-A28D-2CEC1D770871}.RelWithDebInfo|x64.ActiveCfg = RelWithDebInfo|x64
		{7D4656D4-3100-3578-A28D-2CEC1D770871}.RelWithDebInfo|x64.Build.0 = RelWithDebInfo|x64
		{442ACAA9-F48A-3BBD-BD36-B9E67F32B332}.Debug|x64.ActiveCfg = Debug|x64
		{442ACAA9-F48A-3BBD-BD36-B9E67F32B332}.Debug|x64.Build.0 = Debug|x64
		{442ACAA9-F48A-3BBD-BD36-B9E67F32B332}.Release|x64.ActiveCfg = Release|x64
		{442ACAA9-F48A-3BBD-BD36-B9E67F32B332}.Release|x64.Build.0 = Release|x64
		{442ACAA9-F48A-3BBD-BD36-B9E67F32B332}.MinSizeRel|x64.ActiveCfg = MinSizeRel|x64
		{442ACAA9-F48A-3BBD-BD36-B9E67F32B332}.MinSizeRel|x64.Build.0 = MinSizeRel|x64
		{442ACAA9-F48A-3BBD-BD36-B9E67F32B332}.RelWithDebInfo|x64.ActiveCfg = RelWithDebInfo|x64
		{442ACAA9-F48A-3BBD-BD36-B9E67F32B332}.RelWithDebInfo|x64.Build.0 = RelWithDebInfo|x64
		{13C3BDBD-6EB3-3367-8D85-6B9578971B40}.Debug|x64.ActiveCfg = Debug|x64
		{13C3BDBD-6EB3-3367-8D85-6B9578971B40}.Debug|x64.Build.0 = Debug|x64
		{13C3BDBD-6EB3-3367-8D85-6B9578971B40}.Release|x64.ActiveCfg = Release|x64
		{13C3BDBD-6EB3-3367-8D85-6B9578971B40}.Release|x64.Build.0 = Release|x64
		{13C3BDBD-6EB3-3367-8D85-6B9578971B40}.MinSizeRel|x64.ActiveCfg = MinSizeRel|x64
		{13C3BDBD-6EB3-3367-8D85-6B9578971B40}.MinSizeRel|x64.Build.0 = MinSizeRel|x64
		{13C3BDBD-6EB3-3367-8D85-6B9578971B40}.RelWithDebInfo|x64.ActiveCfg = RelWithDebInfo|x64
		{13C3BDBD-6EB3-3367-8D85-6B9578971B40}.RelWithDebInfo|x64.Build.0 = RelWithDebInfo|x64
		{455171C0-D698-3D96-AB3C-FF6E11D0EF0B}.Debug|x64.ActiveCfg = Debug|x64
		{455171C0-D698-3D96-AB3C-FF6E11D0EF0B}.Debug|x64.Build.0 = Debug|x64
		{455171C0-D698-3D96-AB3C-FF6E11D0EF0B}.Release|x64.ActiveCfg = Release|x64
		{455171C0-D698-3D96-AB3C-FF6E11D0EF0B}.Release|x64.Build.0 = Release|x64
		{455171C0-D698-3D96-AB3C-FF6E11D0EF0B}.MinSizeRel|x64.ActiveCfg = MinSizeRel|x64
		{455171C0-D698-3D96-AB3C-FF6E11D0EF0B}.MinSizeRel|x64.Build.0 = MinSizeRel|x64
		{455171C0-D698-3D96-AB3C-FF6E11D0EF0B}.RelWithDebInfo|x64.ActiveCfg = RelWithDebInfo|x64
		{455171C0-D698-3D96-AB3C-FF6E11D0EF0B}.RelWithDebInfo|x64.Build.0 = RelWithDebInfo|x64
		{6CBB9122-D3F1-3FAA-943E-6ABDAFFD4BB7}.Debug|x64.ActiveCfg = Debug|x64
		{6CBB9122-D3F1-3FAA-943E-6ABDAFFD4BB7}.Debug|x64.Build.0 = Debug|x64
		{6CBB9122-D3F1-3FAA-943E-6ABDAFFD4BB7}.Release|x64.ActiveCfg = Release|x64
		{6CBB9122-D3F1-3FAA-943E-6ABDAFFD4BB7}.Release|x64.Build.0 = Release|x64
		{6CBB9122-D3F1-3FAA-943E-6ABDAFFD4BB7}.MinSizeRel|x64.ActiveCfg = MinSizeRel|x64
		{6CBB9122-D3F1-3FAA-943E-6ABDAFFD4BB7}.MinSizeRel|x64.Build.0 = MinSizeRel|x64
		{6CBB9122-D3F1-3FAA-943E-6ABDAFFD4BB7}.RelWithDebInfo|x64.ActiveCfg = RelWithDebInfo|x64
		{6CBB9122-D3F1-3FAA-943E-6ABDAFFD4BB7}.RelWithDebInfo|x64.Build.0 = RelWithDebInfo|x64
		{77628968-5E85-3B27-9C2F-C0C10C1EE5B7}.Debug|x64.ActiveCfg = Debug|x64
		{77628968-5E85-3B27-9C2F-C0C10C1EE5B7}.Debug|x64.Build.0 = Debug|x64
		{77628968-5E85-3B27-9C2F-C0C10C1EE5B7}.Release|x64.ActiveCfg = Release|x64
		{77628968-5E85-3B27-9C2F-C0C10C1EE5B7}.Release|x64.Build.0 = Release|x64
		{77628968-5E85-3B27-9C2F-C0C10C1EE5B7}.MinSizeRel|x64.ActiveCfg = MinSizeRel|x64
		{77628968-5E85-3B27-9C2F-C0C10C1EE5B7}.MinSizeRel|x64.Build.0 = MinSizeRel|x64
		{77628968-5E85-3B27-9C2F-C0C10C1EE5B7}.RelWithDebInfo|x64.ActiveCfg = RelWithDebInfo|x64
		{77628968-5E85-3B27-9C2F-C0C10C1EE5B7}.RelWithDebInfo|x64.Build.0 = RelWithDebInfo|x64
		{52BA0E52-75A9-3C88-95DE-9D3C81EF3FDB}.Debug|x64.ActiveCfg = Debug|x64
		{52BA0E52-75A9-3C88-95DE-9D3C81EF3FDB}.Debug|x64.Build.0 = Debug|x64
		{52BA0E52-75A9-3C88-95DE-9D3C81EF3FDB}.Release|x64.ActiveCfg = Release|x64
		{52BA0E52-75A9-3C88-95DE-9D3C81EF3FDB}.Release|x64.Build.0 = Release|x64
		{52BA0E52-75A9-3C88-95DE-9D3C81EF3FDB}.MinSizeRel|x64.ActiveCfg = MinSizeRel|x64
		{52BA0E52-75A9-3C88-95DE-9D3C81EF3FDB}.MinSizeRel|x64.Build.0 = MinSizeRel|x64
		{52BA0E52-75A9-3C88-95DE-9D3C81EF3FDB}.RelWithDebInfo|x64.ActiveCfg = RelWithDebInfo|x64
		{52BA0E52-75A9-3C88-95DE-9D3C81EF3FDB}.RelWithDebInfo|x64.Build.0 = RelWithDebInfo|x64
		{D6A1D5A2-2C2A-3CB7-B316-80E1E94E4C98}.Debug|x64.ActiveCfg = Debug|x64
		{D6A1D5A2-2C2A-3CB7-B316-80E1E94E4C98}.Debug|x64.Build.0 = Debug|x64
		{D6A1D5A2-2C2A-3CB7-B316-80E1E94E4C98}.Release|x64.ActiveCfg = Release|x64
		{D6A1D5A2-2C2A-3CB7-B316-80E1E94E4C98}.Release|x64.Build.0 = Release|x64
		{D6A1D5A2-2C2A-3CB7-B316-80E1E94E4C98}.MinSizeRel|x64.ActiveCfg = MinSizeRel|x64
		{D6A1D5A2-2C2A-3CB7-B316-80E1E94E4C98}.MinSizeRel|x64.Build.0 = MinSizeRel|x64
		{D6A1D5A2-2C2A-3CB7-B316-80E1E94E4C98}.RelWithDebInfo|x64.ActiveCfg = RelWithDebInfo|x64
		{D6A1D5A2-2C2A-3CB7-B316-80E1E94E4C98}.RelWithDebInfo|x64.Build.0 = RelWithDebInfo|x64
		{FA779D01-4E7B-3BEC-9336-878505FFC1D1}.Debug|x64.ActiveCfg = Debug|x64
		{FA779D01-4E7B-3BEC-9336-878505FFC1D1}.Debug|x64.Build.0 = Debug|x64
		{FA779D01-4E7B-3BEC-9336-878505FFC1D1}.Release|x64.ActiveCfg = Release|x64
		{FA779D01-4E7B-3BEC-9336-878505FFC1D1}.Release|x64.Build.0 = Release|x64
		{FA779D01-4E7B-3BEC-9336-878505FFC1D1}.MinSizeRel|x64.ActiveCfg = MinSizeRel|x64
		{FA779D01-4E7B-3BEC-9336-878505FFC1D1}.MinSizeRel|x64.Build.0 = MinSizeRel|x64
		{FA779D01-4E7B-3BEC-9336-878505FFC1D1}.RelWithDebInfo|x64.ActiveCfg = RelWithDebInfo|x64
		{FA779D01-4E7B-3BEC-9336-878505FFC1D1}.RelWithDebInfo|x64.Build.0 = RelWithDebInfo|x64
		{1C408322-A87F-3AFC-B528-F0E12DFB974E}.Debug|x64.ActiveCfg = Debug|x64
		{1C408322-A87F-3AFC-B528-F0E12DFB974E}.Debug|x64.Build.0 = Debug|x64
		{1C408322-A87F-3AFC-B528-F0E12DFB974E}.Release|x64.ActiveCfg = Release|x64
		{1C408322-A87F-3AFC-B528-F0E12DFB974E}.Release|x64.Build.0 = Release|x64
		{1C408322-A87F-3AFC-B528-F0E12DFB974E}.MinSizeRel|x64.ActiveCfg = MinSizeRel|x64
		{1C408322-A87F-3AFC-B528-F0E12DFB974E}.MinSizeRel|x64.Build.0 = MinSizeRel|x64
		{1C408322-A87F-3AFC-B528-F0E12DFB974E}.RelWithDebInfo|x64.ActiveCfg = RelWithDebInfo|x64
		{1C408322-A87F-3AFC-B528-F0E12DFB974E}.RelWithDebInfo|x64.Build.0 = RelWithDebInfo|x64
		{61805979-CFC1-3118-B235-FBFB27C7856A}.Debug|x64.ActiveCfg = Debug|x64
		{61805979-CFC1-3118-B235-FBFB27C7856A}.Debug|x64.Build.0 = Debug|x64
		{61805979-CFC1-3118-B235-FBFB27C7856A}.Release|x64.ActiveCfg = Release|x64
		{61805979-CFC1-3118-B235-FBFB27C7856A}.Release|x64.Build.0 = Release|x64
		{61805979-CFC1-3118-B235-FBFB27C7856A}.MinSizeRel|x64.ActiveCfg = MinSizeRel|x64
		{61805979-CFC1-3118-B235-FBFB27C7856A}.MinSizeRel|x64.Build.0 = MinSizeRel|x64
		{61805979-CFC1-3118-B235-FBFB27C7856A}.RelWithDebInfo|x64.ActiveCfg = RelWithDebInfo|x64
		{61805979-CFC1-3118-B235-FBFB27C7856A}.RelWithDebInfo|x64.Build.0 = RelWithDebInfo|x64
		{86EDC28A-E255-35FD-B6E6-56BA62D145AF}.Debug|x64.ActiveCfg = Debug|x64
		{86EDC28A-E255-35FD-B6E6-56BA62D145AF}.Debug|x64.Build.0 = Debug|x64
		{86EDC28A-E255-35FD-B6E6-56BA62D145AF}.Release|x64.ActiveCfg = Release|x64
		{86EDC28A-E255-35FD-B6E6-56BA62D145AF}.Release|x64.Build.0 = Release|x64
		{86EDC28A-E255-35FD-B6E6-56BA62D145AF}.MinSizeRel|x64.ActiveCfg = MinSizeRel|x64
		{86EDC28A-E255-35FD-B6E6-56BA62D145AF}.MinSizeRel|x64.Build.0 = MinSizeRel|x64
		{86EDC28A-E255-35FD-B6E6-56BA62D145AF}.RelWithDebInfo|x64.ActiveCfg = RelWithDebInfo|x64
		{86EDC28A-E255-35FD-B6E6-56BA62D145AF}.RelWithDebInfo|x64.Build.0 = RelWithDebInfo|x64
		{5DBFCC78-BFFA-3009-A0B0-5A09CF447088}.Debug|x64.ActiveCfg = Debug|x64
		{5DBFCC78-BFFA-3009-A0B0-5A09CF447088}.Debug|x64.Build.0 = Debug|x64
		{5DBFCC78-BFFA-3009-A0B0-5A09CF447088}.Release|x64.ActiveCfg = Release|x64
		{5DBFCC78-BFFA-3009-A0B0-5A09CF447088}.Release|x64.Build.0 = Release|x64
		{5DBFCC78-BFFA-3009-A0B0-5A09CF447088}.MinSizeRel|x64.ActiveCfg = MinSizeRel|x64
		{5DBFCC78-BFFA-3009-A0B0-5A09CF447088}.MinSizeRel|x64.Build.0 = MinSizeRel|x64
		{5DBFCC78-BFFA-3009-A0B0-5A09CF447088}.RelWithDebInfo|x64.ActiveCfg = RelWithDebInfo|x64
		{5DBFCC78-BFFA-3009-A0B0-5A09CF447088}.RelWithDebInfo|x64.Build.0 = RelWithDebInfo|x64
		{AD1AB80A-6CAF-3165-AB4E-F67543250BA6}.Debug|x64.ActiveCfg = Debug|x64
		{AD1AB80A-6CAF-3165-AB4E-F67543250BA6}.Debug|x64.Build.0 = Debug|x64
		{AD1AB80A-6CAF-3165-AB4E-F67543250BA6}.Release|x64.ActiveCfg = Release|x64
		{AD1AB80A-6CAF-3165-AB4E-F67543250BA6}.Release|x64.Build.0 = Release|x64
		{AD1AB80A-6CAF-3165-AB4E-F67543250BA6}.MinSizeRel|x64.ActiveCfg = MinSizeRel|x64
		{AD1AB80A-6CAF-3165-AB4E-F67543250BA6}.MinSizeRel|x64.Build.0 = MinSizeRel|x64
		{AD1AB80A-6CAF-3165-AB4E-F67543250BA6}.RelWithDebInfo|x64.ActiveCfg = RelWithDebInfo|x64
		{AD1AB80A-6CAF-3165-AB4E-F67543250BA6}.RelWithDebInfo|x64.Build.0 = RelWithDebInfo|x64
		{36E55269-9BD0-3FF4-87B6-B10C3E96C84E}.Debug|x64.ActiveCfg = Debug|x64
		{36E55269-9BD0-3FF4-87B6-B10C3E96C84E}.Debug|x64.Build.0 = Debug|x64
		{36E55269-9BD0-3FF4-87B6-B10C3E96C84E}.Release|x64.ActiveCfg = Release|x64
		{36E55269-9BD0-3FF4-87B6-B10C3E96C84E}.Release|x64.Build.0 = Release|x64
		{36E55269-9BD0-3FF4-87B6-B10C3E96C84E}.MinSizeRel|x64.ActiveCfg = MinSizeRel|x64
		{36E55269-9BD0-3FF4-87B6-B10C3E96C84E}.MinSizeRel|x64.Build.0 = MinSizeRel|x64
		{36E55269-9BD0-3FF4-87B6-B10C3E96C84E}.RelWithDebInfo|x64.ActiveCfg = RelWithDebInfo|x64
		{36E55269-9BD0-3FF4-87B6-B10C3E96C84E}.RelWithDebInfo|x64.Build.0 = RelWithDebInfo|x64
		{26955326-9AED-3D1E-8823-98D72E4C853B}.Debug|x64.ActiveCfg = Debug|x64
		{26955326-9AED-3D1E-8823-98D72E4C853B}.Debug|x64.Build.0 = Debug|x64
		{26955326-9AED-3D1E-8823-98D72E4C853B}.Release|x64.ActiveCfg = Release|x64
		{26955326-9AED-3D1E-8823-98D72E4C853B}.Release|x64.Build.0 = Release|x64
		{26955326-9AED-3D1E-8823-98D72E4C853B}.MinSizeRel|x64.ActiveCfg = MinSizeRel|x64
		{26955326-9AED-3D1E-8823-98D72E4C853B}.MinSizeRel|x64.Build.0 = MinSizeRel|x64
		{26955326-9AED-3D1E-8823-98D72E4C853B}.RelWithDebInfo|x64.ActiveCfg = RelWithDebInfo|x64
		{26955326-9AED-3D1E-8823-98D72E4C853B}.RelWithDebInfo|x64.Build.0 = RelWithDebInfo|x64
		{82A6C4CE-E486-3D7F-9BD4-707BE57993B0}.Debug|x64.ActiveCfg = Debug|x64
		{82A6C4CE-E486-3D7F-9BD4-707BE57993B0}.Debug|x64.Build.0 = Debug|x64
		{82A6C4CE-E486-3D7F-9BD4-707BE57993B0}.Release|x64.ActiveCfg = Release|x64
		{82A6C4CE-E486-3D7F-9BD4-707BE57993B0}.Release|x64.Build.0 = Release|x64
		{82A6C4CE-E486-3D7F-9BD4-707BE57993B0}.MinSizeRel|x64.ActiveCfg = MinSizeRel|x64
		{82A6C4CE-E486-3D7F-9BD4-707BE57993B0}.MinSizeRel|x64.Build.0 = MinSizeRel|x64
		{82A6C4CE-E486-3D7F-9BD4-707BE57993B0}.RelWithDebInfo|x64.ActiveCfg = RelWithDebInfo|x64
		{82A6C4CE-E486-3D7F-9BD4-707BE57993B0}.RelWithDebInfo|x64.Build.0 = RelWithDebInfo|x64
		{0A37A658-138C-39AF-8EEB-DB38C61BC156}.Debug|x64.ActiveCfg = Debug|x64
		{0A37A658-138C-39AF-8EEB-DB38C61BC156}.Debug|x64.Build.0 = Debug|x64
		{0A37A658-138C-39AF-8EEB-DB38C61BC156}.Release|x64.ActiveCfg = Release|x64
		{0A37A658-138C-39AF-8EEB-DB38C61BC156}.Release|x64.Build.0 = Release|x64
		{0A37A658-138C-39AF-8EEB-DB38C61BC156}.MinSizeRel|x64.ActiveCfg = MinSizeRel|x64
		{0A37A658-138C-39AF-8EEB-DB38C61BC156}.MinSizeRel|x64.Build.0 = MinSizeRel|x64
		{0A37A658-138C-39AF-8EEB-DB38C61BC156}.RelWithDebInfo|x64.ActiveCfg = RelWithDebInfo|x64
		{0A37A658-138C-39AF-8EEB-DB38C61BC156}.RelWithDebInfo|x64.Build.0 = RelWithDebInfo|x64
		{2D21755A-9DED-3B64-BEB5-5E8F50DAD42B}.Debug|x64.ActiveCfg = Debug|x64
		{2D21755A-9DED-3B64-BEB5-5E8F50DAD42B}.Debug|x64.Build.0 = Debug|x64
		{2D21755A-9DED-3B64-BEB5-5E8F50DAD42B}.Release|x64.ActiveCfg = Release|x64
		{2D21755A-9DED-3B64-BEB5-5E8F50DAD42B}.Release|x64.Build.0 = Release|x64
		{2D21755A-9DED-3B64-BEB5-5E8F50DAD42B}.MinSizeRel|x64.ActiveCfg = MinSizeRel|x64
		{2D21755A-9DED-3B64-BEB5-5E8F50DAD42B}.MinSizeRel|x64.Build.0 = MinSizeRel|x64
		{2D21755A-9DED-3B64-BEB5-5E8F50DAD42B}.RelWithDebInfo|x64.ActiveCfg = RelWithDebInfo|x64
		{2D21755A-9DED-3B64-BEB5-5E8F50DAD42B}.RelWithDebInfo|x64.Build.0 = RelWithDebInfo|x64
	EndGlobalSection
	GlobalSection(ExtensibilityGlobals) = postSolution
		SolutionGuid = {ED701A9E-F0AD-37A1-B8F7-46AEA87B7B23}
	EndGlobalSection
	GlobalSection(ExtensibilityAddIns) = postSolution
	EndGlobalSection
EndGlobal
