<?xml version="1.0" encoding="utf-8"?>
<Project ToolsVersion="17.0" xmlns="http://schemas.microsoft.com/developer/msbuild/2003">
  <ItemGroup>
    <CustomBuild Include="C:\Work\BUILDS\Wiesiek\CMakeFiles\8082d590d0b12fc7d60689a23b52a369\INSTALL_force.rule">
      <Filter>CMake Rules</Filter>
    </CustomBuild>
  </ItemGroup>
  <ItemGroup>
    <Filter Include="CMake Rules">
      <UniqueIdentifier>{E6889677-A177-3648-A897-E8FDBBAE1BDE}</UniqueIdentifier>
    </Filter>
  </ItemGroup>
</Project>
