<?xml version="1.0" encoding="utf-8"?>
<Project ToolsVersion="17.0" xmlns="http://schemas.microsoft.com/developer/msbuild/2003">
  <ItemGroup>
    <CustomBuild Include="C:\Work\BUILDS\Wiesiek\CMakeFiles\fd42f900adcd35e1c46e83ab2a268798\revision_data.h.rule">
      <Filter>CMake Rules</Filter>
    </CustomBuild>
    <CustomBuild Include="C:\Work\Wiesiek\TrinityCore\src\genrev\CMakeLists.txt" />
  </ItemGroup>
  <ItemGroup>
    <None Include="C:\Work\BUILDS\Wiesiek\src\genrev\CMakeFiles\revision_data.h">
      <Filter>Header Files</Filter>
    </None>
  </ItemGroup>
  <ItemGroup>
    <Filter Include="CMake Rules">
      <UniqueIdentifier>{E6889677-A177-3648-A897-E8FDBBAE1BDE}</UniqueIdentifier>
    </Filter>
    <Filter Include="Header Files">
      <UniqueIdentifier>{F5320C05-39C3-3F85-B307-83474D0B2635}</UniqueIdentifier>
    </Filter>
  </ItemGroup>
</Project>
